
Microsoft Visual Studio Solution File, Format Version 12.00
# Visual Studio 15
VisualStudioVersion = 15.0.26430.16
MinimumVisualStudioVersion = 10.0.40219.1
Project("{FAE04EC0-301F-11D3-BF4B-00C04F79EFBC}") = "FaceRecognitionFaceAPI.Android", "FaceRecognitionFaceAPI\FaceRecognitionFaceAPI.Android\FaceRecognitionFaceAPI.Android.csproj", "{D09DADC1-15E9-4A62-8692-ACC818E4CD1F}"
EndProject
Project("{FAE04EC0-301F-11D3-BF4B-00C04F79EFBC}") = "FaceRecognitionFaceAPI", "FaceRecognitionFaceAPI\FaceRecognitionFaceAPI\FaceRecognitionFaceAPI.csproj", "{69385F13-7DC7-454C-A1B2-DB331E9C1DFB}"
EndProject
Project("{FAE04EC0-301F-11D3-BF4B-00C04F79EFBC}") = "FaceRecognitionFaceAPI.UWP", "FaceRecognitionFaceAPI\FaceRecognitionFaceAPI.UWP\FaceRecognitionFaceAPI.UWP.csproj", "{29EE9FC4-E7B4-4FFD-8DDA-8D941901CE1E}"
EndProject
Project("{FAE04EC0-301F-11D3-BF4B-00C04F79EFBC}") = "FaceRecognitionFaceAPI.iOS", "FaceRecognitionFaceAPI\FaceRecognitionFaceAPI.iOS\FaceRecognitionFaceAPI.iOS.csproj", "{BB05A62C-FABD-4BB8-B0E7-A7B41F8CA57C}"
EndProject
Global
	GlobalSection(SolutionConfigurationPlatforms) = preSolution
		Ad-Hoc|Any CPU = Ad-Hoc|Any CPU
		Ad-Hoc|ARM = Ad-Hoc|ARM
		Ad-Hoc|iPhone = Ad-Hoc|iPhone
		Ad-Hoc|iPhoneSimulator = Ad-Hoc|iPhoneSimulator
		Ad-Hoc|x64 = Ad-Hoc|x64
		Ad-Hoc|x86 = Ad-Hoc|x86
		AppStore|Any CPU = AppStore|Any CPU
		AppStore|ARM = AppStore|ARM
		AppStore|iPhone = AppStore|iPhone
		AppStore|iPhoneSimulator = AppStore|iPhoneSimulator
		AppStore|x64 = AppStore|x64
		AppStore|x86 = AppStore|x86
		Debug|Any CPU = Debug|Any CPU
		Debug|ARM = Debug|ARM
		Debug|iPhone = Debug|iPhone
		Debug|iPhoneSimulator = Debug|iPhoneSimulator
		Debug|x64 = Debug|x64
		Debug|x86 = Debug|x86
		Release|Any CPU = Release|Any CPU
		Release|ARM = Release|ARM
		Release|iPhone = Release|iPhone
		Release|iPhoneSimulator = Release|iPhoneSimulator
		Release|x64 = Release|x64
		Release|x86 = Release|x86
	EndGlobalSection
	GlobalSection(ProjectConfigurationPlatforms) = postSolution
		{D09DADC1-15E9-4A62-8692-ACC818E4CD1F}.Ad-Hoc|Any CPU.ActiveCfg = Release|Any CPU
		{D09DADC1-15E9-4A62-8692-ACC818E4CD1F}.Ad-Hoc|Any CPU.Build.0 = Release|Any CPU
		{D09DADC1-15E9-4A62-8692-ACC818E4CD1F}.Ad-Hoc|Any CPU.Deploy.0 = Release|Any CPU
		{D09DADC1-15E9-4A62-8692-ACC818E4CD1F}.Ad-Hoc|ARM.ActiveCfg = Release|Any CPU
		{D09DADC1-15E9-4A62-8692-ACC818E4CD1F}.Ad-Hoc|ARM.Build.0 = Release|Any CPU
		{D09DADC1-15E9-4A62-8692-ACC818E4CD1F}.Ad-Hoc|ARM.Deploy.0 = Release|Any CPU
		{D09DADC1-15E9-4A62-8692-ACC818E4CD1F}.Ad-Hoc|iPhone.ActiveCfg = Release|Any CPU
		{D09DADC1-15E9-4A62-8692-ACC818E4CD1F}.Ad-Hoc|iPhone.Build.0 = Release|Any CPU
		{D09DADC1-15E9-4A62-8692-ACC818E4CD1F}.Ad-Hoc|iPhone.Deploy.0 = Release|Any CPU
		{D09DADC1-15E9-4A62-8692-ACC818E4CD1F}.Ad-Hoc|iPhoneSimulator.ActiveCfg = Release|Any CPU
		{D09DADC1-15E9-4A62-8692-ACC818E4CD1F}.Ad-Hoc|iPhoneSimulator.Build.0 = Release|Any CPU
		{D09DADC1-15E9-4A62-8692-ACC818E4CD1F}.Ad-Hoc|iPhoneSimulator.Deploy.0 = Release|Any CPU
		{D09DADC1-15E9-4A62-8692-ACC818E4CD1F}.Ad-Hoc|x64.ActiveCfg = Release|Any CPU
		{D09DADC1-15E9-4A62-8692-ACC818E4CD1F}.Ad-Hoc|x64.Build.0 = Release|Any CPU
		{D09DADC1-15E9-4A62-8692-ACC818E4CD1F}.Ad-Hoc|x64.Deploy.0 = Release|Any CPU
		{D09DADC1-15E9-4A62-8692-ACC818E4CD1F}.Ad-Hoc|x86.ActiveCfg = Release|Any CPU
		{D09DADC1-15E9-4A62-8692-ACC818E4CD1F}.Ad-Hoc|x86.Build.0 = Release|Any CPU
		{D09DADC1-15E9-4A62-8692-ACC818E4CD1F}.Ad-Hoc|x86.Deploy.0 = Release|Any CPU
		{D09DADC1-15E9-4A62-8692-ACC818E4CD1F}.AppStore|Any CPU.ActiveCfg = Release|Any CPU
		{D09DADC1-15E9-4A62-8692-ACC818E4CD1F}.AppStore|Any CPU.Build.0 = Release|Any CPU
		{D09DADC1-15E9-4A62-8692-ACC818E4CD1F}.AppStore|Any CPU.Deploy.0 = Release|Any CPU
		{D09DADC1-15E9-4A62-8692-ACC818E4CD1F}.AppStore|ARM.ActiveCfg = Release|Any CPU
		{D09DADC1-15E9-4A62-8692-ACC818E4CD1F}.AppStore|ARM.Build.0 = Release|Any CPU
		{D09DADC1-15E9-4A62-8692-ACC818E4CD1F}.AppStore|ARM.Deploy.0 = Release|Any CPU
		{D09DADC1-15E9-4A62-8692-ACC818E4CD1F}.AppStore|iPhone.ActiveCfg = Release|Any CPU
		{D09DADC1-15E9-4A62-8692-ACC818E4CD1F}.AppStore|iPhone.Build.0 = Release|Any CPU
		{D09DADC1-15E9-4A62-8692-ACC818E4CD1F}.AppStore|iPhone.Deploy.0 = Release|Any CPU
		{D09DADC1-15E9-4A62-8692-ACC818E4CD1F}.AppStore|iPhoneSimulator.ActiveCfg = Release|Any CPU
		{D09DADC1-15E9-4A62-8692-ACC818E4CD1F}.AppStore|iPhoneSimulator.Build.0 = Release|Any CPU
		{D09DADC1-15E9-4A62-8692-ACC818E4CD1F}.AppStore|iPhoneSimulator.Deploy.0 = Release|Any CPU
		{D09DADC1-15E9-4A62-8692-ACC818E4CD1F}.AppStore|x64.ActiveCfg = Release|Any CPU
		{D09DADC1-15E9-4A62-8692-ACC818E4CD1F}.AppStore|x64.Build.0 = Release|Any CPU
		{D09DADC1-15E9-4A62-8692-ACC818E4CD1F}.AppStore|x64.Deploy.0 = Release|Any CPU
		{D09DADC1-15E9-4A62-8692-ACC818E4CD1F}.AppStore|x86.ActiveCfg = Release|Any CPU
		{D09DADC1-15E9-4A62-8692-ACC818E4CD1F}.AppStore|x86.Build.0 = Release|Any CPU
		{D09DADC1-15E9-4A62-8692-ACC818E4CD1F}.AppStore|x86.Deploy.0 = Release|Any CPU
		{D09DADC1-15E9-4A62-8692-ACC818E4CD1F}.Debug|Any CPU.ActiveCfg = Debug|Any CPU
		{D09DADC1-15E9-4A62-8692-ACC818E4CD1F}.Debug|Any CPU.Build.0 = Debug|Any CPU
		{D09DADC1-15E9-4A62-8692-ACC818E4CD1F}.Debug|Any CPU.Deploy.0 = Debug|Any CPU
		{D09DADC1-15E9-4A62-8692-ACC818E4CD1F}.Debug|ARM.ActiveCfg = Debug|Any CPU
		{D09DADC1-15E9-4A62-8692-ACC818E4CD1F}.Debug|ARM.Build.0 = Debug|Any CPU
		{D09DADC1-15E9-4A62-8692-ACC818E4CD1F}.Debug|ARM.Deploy.0 = Debug|Any CPU
		{D09DADC1-15E9-4A62-8692-ACC818E4CD1F}.Debug|iPhone.ActiveCfg = Debug|Any CPU
		{D09DADC1-15E9-4A62-8692-ACC818E4CD1F}.Debug|iPhone.Build.0 = Debug|Any CPU
		{D09DADC1-15E9-4A62-8692-ACC818E4CD1F}.Debug|iPhone.Deploy.0 = Debug|Any CPU
		{D09DADC1-15E9-4A62-8692-ACC818E4CD1F}.Debug|iPhoneSimulator.ActiveCfg = Debug|Any CPU
		{D09DADC1-15E9-4A62-8692-ACC818E4CD1F}.Debug|iPhoneSimulator.Build.0 = Debug|Any CPU
		{D09DADC1-15E9-4A62-8692-ACC818E4CD1F}.Debug|iPhoneSimulator.Deploy.0 = Debug|Any CPU
		{D09DADC1-15E9-4A62-8692-ACC818E4CD1F}.Debug|x64.ActiveCfg = Debug|Any CPU
		{D09DADC1-15E9-4A62-8692-ACC818E4CD1F}.Debug|x64.Build.0 = Debug|Any CPU
		{D09DADC1-15E9-4A62-8692-ACC818E4CD1F}.Debug|x64.Deploy.0 = Debug|Any CPU
		{D09DADC1-15E9-4A62-8692-ACC818E4CD1F}.Debug|x86.ActiveCfg = Debug|Any CPU
		{D09DADC1-15E9-4A62-8692-ACC818E4CD1F}.Debug|x86.Build.0 = Debug|Any CPU
		{D09DADC1-15E9-4A62-8692-ACC818E4CD1F}.Debug|x86.Deploy.0 = Debug|Any CPU
		{D09DADC1-15E9-4A62-8692-ACC818E4CD1F}.Release|Any CPU.ActiveCfg = Release|Any CPU
		{D09DADC1-15E9-4A62-8692-ACC818E4CD1F}.Release|Any CPU.Build.0 = Release|Any CPU
		{D09DADC1-15E9-4A62-8692-ACC818E4CD1F}.Release|Any CPU.Deploy.0 = Release|Any CPU
		{D09DADC1-15E9-4A62-8692-ACC818E4CD1F}.Release|ARM.ActiveCfg = Release|Any CPU
		{D09DADC1-15E9-4A62-8692-ACC818E4CD1F}.Release|ARM.Build.0 = Release|Any CPU
		{D09DADC1-15E9-4A62-8692-ACC818E4CD1F}.Release|ARM.Deploy.0 = Release|Any CPU
		{D09DADC1-15E9-4A62-8692-ACC818E4CD1F}.Release|iPhone.ActiveCfg = Release|Any CPU
		{D09DADC1-15E9-4A62-8692-ACC818E4CD1F}.Release|iPhone.Build.0 = Release|Any CPU
		{D09DADC1-15E9-4A62-8692-ACC818E4CD1F}.Release|iPhone.Deploy.0 = Release|Any CPU
		{D09DADC1-15E9-4A62-8692-ACC818E4CD1F}.Release|iPhoneSimulator.ActiveCfg = Release|Any CPU
		{D09DADC1-15E9-4A62-8692-ACC818E4CD1F}.Release|iPhoneSimulator.Build.0 = Release|Any CPU
		{D09DADC1-15E9-4A62-8692-ACC818E4CD1F}.Release|iPhoneSimulator.Deploy.0 = Release|Any CPU
		{D09DADC1-15E9-4A62-8692-ACC818E4CD1F}.Release|x64.ActiveCfg = Release|Any CPU
		{D09DADC1-15E9-4A62-8692-ACC818E4CD1F}.Release|x64.Build.0 = Release|Any CPU
		{D09DADC1-15E9-4A62-8692-ACC818E4CD1F}.Release|x64.Deploy.0 = Release|Any CPU
		{D09DADC1-15E9-4A62-8692-ACC818E4CD1F}.Release|x86.ActiveCfg = Release|Any CPU
		{D09DADC1-15E9-4A62-8692-ACC818E4CD1F}.Release|x86.Build.0 = Release|Any CPU
		{D09DADC1-15E9-4A62-8692-ACC818E4CD1F}.Release|x86.Deploy.0 = Release|Any CPU
		{69385F13-7DC7-454C-A1B2-DB331E9C1DFB}.Ad-Hoc|Any CPU.ActiveCfg = Release|Any CPU
		{69385F13-7DC7-454C-A1B2-DB331E9C1DFB}.Ad-Hoc|Any CPU.Build.0 = Release|Any CPU
		{69385F13-7DC7-454C-A1B2-DB331E9C1DFB}.Ad-Hoc|ARM.ActiveCfg = Release|Any CPU
		{69385F13-7DC7-454C-A1B2-DB331E9C1DFB}.Ad-Hoc|ARM.Build.0 = Release|Any CPU
		{69385F13-7DC7-454C-A1B2-DB331E9C1DFB}.Ad-Hoc|iPhone.ActiveCfg = Release|Any CPU
		{69385F13-7DC7-454C-A1B2-DB331E9C1DFB}.Ad-Hoc|iPhone.Build.0 = Release|Any CPU
		{69385F13-7DC7-454C-A1B2-DB331E9C1DFB}.Ad-Hoc|iPhoneSimulator.ActiveCfg = Release|Any CPU
		{69385F13-7DC7-454C-A1B2-DB331E9C1DFB}.Ad-Hoc|iPhoneSimulator.Build.0 = Release|Any CPU
		{69385F13-7DC7-454C-A1B2-DB331E9C1DFB}.Ad-Hoc|x64.ActiveCfg = Release|Any CPU
		{69385F13-7DC7-454C-A1B2-DB331E9C1DFB}.Ad-Hoc|x64.Build.0 = Release|Any CPU
		{69385F13-7DC7-454C-A1B2-DB331E9C1DFB}.Ad-Hoc|x86.ActiveCfg = Release|Any CPU
		{69385F13-7DC7-454C-A1B2-DB331E9C1DFB}.Ad-Hoc|x86.Build.0 = Release|Any CPU
		{69385F13-7DC7-454C-A1B2-DB331E9C1DFB}.AppStore|Any CPU.ActiveCfg = Release|Any CPU
		{69385F13-7DC7-454C-A1B2-DB331E9C1DFB}.AppStore|Any CPU.Build.0 = Release|Any CPU
		{69385F13-7DC7-454C-A1B2-DB331E9C1DFB}.AppStore|ARM.ActiveCfg = Release|Any CPU
		{69385F13-7DC7-454C-A1B2-DB331E9C1DFB}.AppStore|ARM.Build.0 = Release|Any CPU
		{69385F13-7DC7-454C-A1B2-DB331E9C1DFB}.AppStore|iPhone.ActiveCfg = Release|Any CPU
		{69385F13-7DC7-454C-A1B2-DB331E9C1DFB}.AppStore|iPhone.Build.0 = Release|Any CPU
		{69385F13-7DC7-454C-A1B2-DB331E9C1DFB}.AppStore|iPhoneSimulator.ActiveCfg = Release|Any CPU
		{69385F13-7DC7-454C-A1B2-DB331E9C1DFB}.AppStore|iPhoneSimulator.Build.0 = Release|Any CPU
		{69385F13-7DC7-454C-A1B2-DB331E9C1DFB}.AppStore|x64.ActiveCfg = Release|Any CPU
		{69385F13-7DC7-454C-A1B2-DB331E9C1DFB}.AppStore|x64.Build.0 = Release|Any CPU
		{69385F13-7DC7-454C-A1B2-DB331E9C1DFB}.AppStore|x86.ActiveCfg = Release|Any CPU
		{69385F13-7DC7-454C-A1B2-DB331E9C1DFB}.AppStore|x86.Build.0 = Release|Any CPU
		{69385F13-7DC7-454C-A1B2-DB331E9C1DFB}.Debug|Any CPU.ActiveCfg = Debug|Any CPU
		{69385F13-7DC7-454C-A1B2-DB331E9C1DFB}.Debug|Any CPU.Build.0 = Debug|Any CPU
		{69385F13-7DC7-454C-A1B2-DB331E9C1DFB}.Debug|ARM.ActiveCfg = Debug|Any CPU
		{69385F13-7DC7-454C-A1B2-DB331E9C1DFB}.Debug|ARM.Build.0 = Debug|Any CPU
		{69385F13-7DC7-454C-A1B2-DB331E9C1DFB}.Debug|iPhone.ActiveCfg = Debug|Any CPU
		{69385F13-7DC7-454C-A1B2-DB331E9C1DFB}.Debug|iPhone.Build.0 = Debug|Any CPU
		{69385F13-7DC7-454C-A1B2-DB331E9C1DFB}.Debug|iPhoneSimulator.ActiveCfg = Debug|Any CPU
		{69385F13-7DC7-454C-A1B2-DB331E9C1DFB}.Debug|iPhoneSimulator.Build.0 = Debug|Any CPU
		{69385F13-7DC7-454C-A1B2-DB331E9C1DFB}.Debug|x64.ActiveCfg = Debug|Any CPU
		{69385F13-7DC7-454C-A1B2-DB331E9C1DFB}.Debug|x64.Build.0 = Debug|Any CPU
		{69385F13-7DC7-454C-A1B2-DB331E9C1DFB}.Debug|x86.ActiveCfg = Debug|Any CPU
		{69385F13-7DC7-454C-A1B2-DB331E9C1DFB}.Debug|x86.Build.0 = Debug|Any CPU
		{69385F13-7DC7-454C-A1B2-DB331E9C1DFB}.Release|Any CPU.ActiveCfg = Release|Any CPU
		{69385F13-7DC7-454C-A1B2-DB331E9C1DFB}.Release|Any CPU.Build.0 = Release|Any CPU
		{69385F13-7DC7-454C-A1B2-DB331E9C1DFB}.Release|ARM.ActiveCfg = Release|Any CPU
		{69385F13-7DC7-454C-A1B2-DB331E9C1DFB}.Release|ARM.Build.0 = Release|Any CPU
		{69385F13-7DC7-454C-A1B2-DB331E9C1DFB}.Release|iPhone.ActiveCfg = Release|Any CPU
		{69385F13-7DC7-454C-A1B2-DB331E9C1DFB}.Release|iPhone.Build.0 = Release|Any CPU
		{69385F13-7DC7-454C-A1B2-DB331E9C1DFB}.Release|iPhoneSimulator.ActiveCfg = Release|Any CPU
		{69385F13-7DC7-454C-A1B2-DB331E9C1DFB}.Release|iPhoneSimulator.Build.0 = Release|Any CPU
		{69385F13-7DC7-454C-A1B2-DB331E9C1DFB}.Release|x64.ActiveCfg = Release|Any CPU
		{69385F13-7DC7-454C-A1B2-DB331E9C1DFB}.Release|x64.Build.0 = Release|Any CPU
		{69385F13-7DC7-454C-A1B2-DB331E9C1DFB}.Release|x86.ActiveCfg = Release|Any CPU
		{69385F13-7DC7-454C-A1B2-DB331E9C1DFB}.Release|x86.Build.0 = Release|Any CPU
		{29EE9FC4-E7B4-4FFD-8DDA-8D941901CE1E}.Ad-Hoc|Any CPU.ActiveCfg = Release|x86
		{29EE9FC4-E7B4-4FFD-8DDA-8D941901CE1E}.Ad-Hoc|Any CPU.Build.0 = Release|x86
		{29EE9FC4-E7B4-4FFD-8DDA-8D941901CE1E}.Ad-Hoc|Any CPU.Deploy.0 = Release|x86
		{29EE9FC4-E7B4-4FFD-8DDA-8D941901CE1E}.Ad-Hoc|ARM.ActiveCfg = Release|ARM
		{29EE9FC4-E7B4-4FFD-8DDA-8D941901CE1E}.Ad-Hoc|ARM.Build.0 = Release|ARM
		{29EE9FC4-E7B4-4FFD-8DDA-8D941901CE1E}.Ad-Hoc|ARM.Deploy.0 = Release|ARM
		{29EE9FC4-E7B4-4FFD-8DDA-8D941901CE1E}.Ad-Hoc|iPhone.ActiveCfg = Release|x86
		{29EE9FC4-E7B4-4FFD-8DDA-8D941901CE1E}.Ad-Hoc|iPhone.Build.0 = Release|x86
		{29EE9FC4-E7B4-4FFD-8DDA-8D941901CE1E}.Ad-Hoc|iPhone.Deploy.0 = Release|x86
		{29EE9FC4-E7B4-4FFD-8DDA-8D941901CE1E}.Ad-Hoc|iPhoneSimulator.ActiveCfg = Release|x86
		{29EE9FC4-E7B4-4FFD-8DDA-8D941901CE1E}.Ad-Hoc|iPhoneSimulator.Build.0 = Release|x86
		{29EE9FC4-E7B4-4FFD-8DDA-8D941901CE1E}.Ad-Hoc|iPhoneSimulator.Deploy.0 = Release|x86
		{29EE9FC4-E7B4-4FFD-8DDA-8D941901CE1E}.Ad-Hoc|x64.ActiveCfg = Release|x64
		{29EE9FC4-E7B4-4FFD-8DDA-8D941901CE1E}.Ad-Hoc|x64.Build.0 = Release|x64
		{29EE9FC4-E7B4-4FFD-8DDA-8D941901CE1E}.Ad-Hoc|x64.Deploy.0 = Release|x64
		{29EE9FC4-E7B4-4FFD-8DDA-8D941901CE1E}.Ad-Hoc|x86.ActiveCfg = Release|x86
		{29EE9FC4-E7B4-4FFD-8DDA-8D941901CE1E}.Ad-Hoc|x86.Build.0 = Release|x86
		{29EE9FC4-E7B4-4FFD-8DDA-8D941901CE1E}.Ad-Hoc|x86.Deploy.0 = Release|x86
		{29EE9FC4-E7B4-4FFD-8DDA-8D941901CE1E}.AppStore|Any CPU.ActiveCfg = Release|x86
		{29EE9FC4-E7B4-4FFD-8DDA-8D941901CE1E}.AppStore|Any CPU.Build.0 = Release|x86
		{29EE9FC4-E7B4-4FFD-8DDA-8D941901CE1E}.AppStore|Any CPU.Deploy.0 = Release|x86
		{29EE9FC4-E7B4-4FFD-8DDA-8D941901CE1E}.AppStore|ARM.ActiveCfg = Release|ARM
		{29EE9FC4-E7B4-4FFD-8DDA-8D941901CE1E}.AppStore|ARM.Build.0 = Release|ARM
		{29EE9FC4-E7B4-4FFD-8DDA-8D941901CE1E}.AppStore|ARM.Deploy.0 = Release|ARM
		{29EE9FC4-E7B4-4FFD-8DDA-8D941901CE1E}.AppStore|iPhone.ActiveCfg = Release|x86
		{29EE9FC4-E7B4-4FFD-8DDA-8D941901CE1E}.AppStore|iPhone.Build.0 = Release|x86
		{29EE9FC4-E7B4-4FFD-8DDA-8D941901CE1E}.AppStore|iPhone.Deploy.0 = Release|x86
		{29EE9FC4-E7B4-4FFD-8DDA-8D941901CE1E}.AppStore|iPhoneSimulator.ActiveCfg = Release|x86
		{29EE9FC4-E7B4-4FFD-8DDA-8D941901CE1E}.AppStore|iPhoneSimulator.Build.0 = Release|x86
		{29EE9FC4-E7B4-4FFD-8DDA-8D941901CE1E}.AppStore|iPhoneSimulator.Deploy.0 = Release|x86
		{29EE9FC4-E7B4-4FFD-8DDA-8D941901CE1E}.AppStore|x64.ActiveCfg = Release|x64
		{29EE9FC4-E7B4-4FFD-8DDA-8D941901CE1E}.AppStore|x64.Build.0 = Release|x64
		{29EE9FC4-E7B4-4FFD-8DDA-8D941901CE1E}.AppStore|x64.Deploy.0 = Release|x64
		{29EE9FC4-E7B4-4FFD-8DDA-8D941901CE1E}.AppStore|x86.ActiveCfg = Release|x86
		{29EE9FC4-E7B4-4FFD-8DDA-8D941901CE1E}.AppStore|x86.Build.0 = Release|x86
		{29EE9FC4-E7B4-4FFD-8DDA-8D941901CE1E}.AppStore|x86.Deploy.0 = Release|x86
		{29EE9FC4-E7B4-4FFD-8DDA-8D941901CE1E}.Debug|Any CPU.ActiveCfg = Debug|x86
		{29EE9FC4-E7B4-4FFD-8DDA-8D941901CE1E}.Debug|ARM.ActiveCfg = Debug|ARM
		{29EE9FC4-E7B4-4FFD-8DDA-8D941901CE1E}.Debug|ARM.Build.0 = Debug|ARM
		{29EE9FC4-E7B4-4FFD-8DDA-8D941901CE1E}.Debug|ARM.Deploy.0 = Debug|ARM
		{29EE9FC4-E7B4-4FFD-8DDA-8D941901CE1E}.Debug|iPhone.ActiveCfg = Debug|x86
		{29EE9FC4-E7B4-4FFD-8DDA-8D941901CE1E}.Debug|iPhoneSimulator.ActiveCfg = Debug|x86
		{29EE9FC4-E7B4-4FFD-8DDA-8D941901CE1E}.Debug|x64.ActiveCfg = Debug|x64
		{29EE9FC4-E7B4-4FFD-8DDA-8D941901CE1E}.Debug|x64.Build.0 = Debug|x64
		{29EE9FC4-E7B4-4FFD-8DDA-8D941901CE1E}.Debug|x64.Deploy.0 = Debug|x64
		{29EE9FC4-E7B4-4FFD-8DDA-8D941901CE1E}.Debug|x86.ActiveCfg = Debug|x86
		{29EE9FC4-E7B4-4FFD-8DDA-8D941901CE1E}.Debug|x86.Build.0 = Debug|x86
		{29EE9FC4-E7B4-4FFD-8DDA-8D941901CE1E}.Debug|x86.Deploy.0 = Debug|x86
		{29EE9FC4-E7B4-4FFD-8DDA-8D941901CE1E}.Release|Any CPU.ActiveCfg = Release|x86
		{29EE9FC4-E7B4-4FFD-8DDA-8D941901CE1E}.Release|ARM.ActiveCfg = Release|ARM
		{29EE9FC4-E7B4-4FFD-8DDA-8D941901CE1E}.Release|ARM.Build.0 = Release|ARM
		{29EE9FC4-E7B4-4FFD-8DDA-8D941901CE1E}.Release|ARM.Deploy.0 = Release|ARM
		{29EE9FC4-E7B4-4FFD-8DDA-8D941901CE1E}.Release|iPhone.ActiveCfg = Release|x86
		{29EE9FC4-E7B4-4FFD-8DDA-8D941901CE1E}.Release|iPhoneSimulator.ActiveCfg = Release|x86
		{29EE9FC4-E7B4-4FFD-8DDA-8D941901CE1E}.Release|x64.ActiveCfg = Release|x64
		{29EE9FC4-E7B4-4FFD-8DDA-8D941901CE1E}.Release|x64.Build.0 = Release|x64
		{29EE9FC4-E7B4-4FFD-8DDA-8D941901CE1E}.Release|x64.Deploy.0 = Release|x64
		{29EE9FC4-E7B4-4FFD-8DDA-8D941901CE1E}.Release|x86.ActiveCfg = Release|x86
		{29EE9FC4-E7B4-4FFD-8DDA-8D941901CE1E}.Release|x86.Build.0 = Release|x86
		{29EE9FC4-E7B4-4FFD-8DDA-8D941901CE1E}.Release|x86.Deploy.0 = Release|x86
		{BB05A62C-FABD-4BB8-B0E7-A7B41F8CA57C}.Ad-Hoc|Any CPU.ActiveCfg = Ad-Hoc|iPhone
		{BB05A62C-FABD-4BB8-B0E7-A7B41F8CA57C}.Ad-Hoc|ARM.ActiveCfg = Ad-Hoc|iPhone
		{BB05A62C-FABD-4BB8-B0E7-A7B41F8CA57C}.Ad-Hoc|iPhone.ActiveCfg = Ad-Hoc|iPhone
		{BB05A62C-FABD-4BB8-B0E7-A7B41F8CA57C}.Ad-Hoc|iPhone.Build.0 = Ad-Hoc|iPhone
		{BB05A62C-FABD-4BB8-B0E7-A7B41F8CA57C}.Ad-Hoc|iPhoneSimulator.ActiveCfg = Ad-Hoc|iPhoneSimulator
		{BB05A62C-FABD-4BB8-B0E7-A7B41F8CA57C}.Ad-Hoc|iPhoneSimulator.Build.0 = Ad-Hoc|iPhoneSimulator
		{BB05A62C-FABD-4BB8-B0E7-A7B41F8CA57C}.Ad-Hoc|x64.ActiveCfg = Ad-Hoc|iPhone
		{BB05A62C-FABD-4BB8-B0E7-A7B41F8CA57C}.Ad-Hoc|x86.ActiveCfg = Ad-Hoc|iPhone
		{BB05A62C-FABD-4BB8-B0E7-A7B41F8CA57C}.AppStore|Any CPU.ActiveCfg = AppStore|iPhone
		{BB05A62C-FABD-4BB8-B0E7-A7B41F8CA57C}.AppStore|ARM.ActiveCfg = AppStore|iPhone
		{BB05A62C-FABD-4BB8-B0E7-A7B41F8CA57C}.AppStore|iPhone.ActiveCfg = AppStore|iPhone
		{BB05A62C-FABD-4BB8-B0E7-A7B41F8CA57C}.AppStore|iPhone.Build.0 = AppStore|iPhone
		{BB05A62C-FABD-4BB8-B0E7-A7B41F8CA57C}.AppStore|iPhoneSimulator.ActiveCfg = AppStore|iPhoneSimulator
		{BB05A62C-FABD-4BB8-B0E7-A7B41F8CA57C}.AppStore|iPhoneSimulator.Build.0 = AppStore|iPhoneSimulator
		{BB05A62C-FABD-4BB8-B0E7-A7B41F8CA57C}.AppStore|x64.ActiveCfg = AppStore|iPhone
		{BB05A62C-FABD-4BB8-B0E7-A7B41F8CA57C}.AppStore|x86.ActiveCfg = AppStore|iPhone
		{BB05A62C-FABD-4BB8-B0E7-A7B41F8CA57C}.Debug|Any CPU.ActiveCfg = Debug|iPhone
		{BB05A62C-FABD-4BB8-B0E7-A7B41F8CA57C}.Debug|ARM.ActiveCfg = Debug|iPhone
		{BB05A62C-FABD-4BB8-B0E7-A7B41F8CA57C}.Debug|iPhone.ActiveCfg = Debug|iPhone
		{BB05A62C-FABD-4BB8-B0E7-A7B41F8CA57C}.Debug|iPhone.Build.0 = Debug|iPhone
		{BB05A62C-FABD-4BB8-B0E7-A7B41F8CA57C}.Debug|iPhoneSimulator.ActiveCfg = Debug|iPhoneSimulator
		{BB05A62C-FABD-4BB8-B0E7-A7B41F8CA57C}.Debug|iPhoneSimulator.Build.0 = Debug|iPhoneSimulator
		{BB05A62C-FABD-4BB8-B0E7-A7B41F8CA57C}.Debug|x64.ActiveCfg = Debug|iPhone
		{BB05A62C-FABD-4BB8-B0E7-A7B41F8CA57C}.Debug|x86.ActiveCfg = Debug|iPhone
		{BB05A62C-FABD-4BB8-B0E7-A7B41F8CA57C}.Release|Any CPU.ActiveCfg = Release|iPhone
		{BB05A62C-FABD-4BB8-B0E7-A7B41F8CA57C}.Release|ARM.ActiveCfg = Release|iPhone
		{BB05A62C-FABD-4BB8-B0E7-A7B41F8CA57C}.Release|iPhone.ActiveCfg = Release|iPhone
		{BB05A62C-FABD-4BB8-B0E7-A7B41F8CA57C}.Release|iPhone.Build.0 = Release|iPhone
		{BB05A62C-FABD-4BB8-B0E7-A7B41F8CA57C}.Release|iPhoneSimulator.ActiveCfg = Release|iPhoneSimulator
		{BB05A62C-FABD-4BB8-B0E7-A7B41F8CA57C}.Release|iPhoneSimulator.Build.0 = Release|iPhoneSimulator
		{BB05A62C-FABD-4BB8-B0E7-A7B41F8CA57C}.Release|x64.ActiveCfg = Release|iPhone
		{BB05A62C-FABD-4BB8-B0E7-A7B41F8CA57C}.Release|x86.ActiveCfg = Release|iPhone
	EndGlobalSection
	GlobalSection(SolutionProperties) = preSolution
		HideSolutionNode = FALSE
	EndGlobalSection
EndGlobal
